
Microsoft Visual Studio Solution File, Format Version 12.00
# Visual Studio Version 17
VisualStudioVersion = 17.3.32825.248
MinimumVisualStudioVersion = 10.0.40219.1
Project("{FAE04EC0-301F-11D3-BF4B-00C04F79EFBC}") = "prjMVC-Core", "prjMVC-Core\prjMVC-Core.csproj", "{75ADCEE7-2A18-443D-BB45-E990E6614B1A}"
EndProject
Global
	GlobalSection(SolutionConfigurationPlatforms) = preSolution
		Debug|Any CPU = Debug|Any CPU
		Release|Any CPU = Release|Any CPU
	EndGlobalSection
	GlobalSection(ProjectConfigurationPlatforms) = postSolution
		{75ADCEE7-2A18-443D-BB45-E990E6614B1A}.Debug|Any CPU.ActiveCfg = Debug|Any CPU
		{75ADCEE7-2A18-443D-BB45-E990E6614B1A}.Debug|Any CPU.Build.0 = Debug|Any CPU
		{75ADCEE7-2A18-443D-BB45-E990E6614B1A}.Release|Any CPU.ActiveCfg = Release|Any CPU
		{75ADCEE7-2A18-443D-BB45-E990E6614B1A}.Release|Any CPU.Build.0 = Release|Any CPU
	EndGlobalSection
	GlobalSection(SolutionProperties) = preSolution
		HideSolutionNode = FALSE
	EndGlobalSection
	GlobalSection(ExtensibilityGlobals) = postSolution
		SolutionGuid = {B68F7671-6079-4440-B952-6ACC9B72EFA7}
	EndGlobalSection
EndGlobal
